
Microsoft Visual Studio Solution File, Format Version 12.00
# Visual Studio Version 17
VisualStudioVersion = 17.8.34525.116
MinimumVisualStudioVersion = 10.0.40219.1
Project("{8BC9CEB8-8B4A-11D0-8D11-00A0C91BC942}") = "PhysicsEngine", "PhysicsEngine\PhysicsEngine.vcxproj", "{3F324355-F439-4547-B05A-9DD18FA33414}"
EndProject
Project("{8BC9CEB8-8B4A-11D0-8D11-00A0C91BC942}") = "Sandbox", "Sandbox\Sandbox.vcxproj", "{7FDF813C-8AB3-460C-9A1C-600C0EB8EC65}"
EndProject
Global
	GlobalSection(SolutionConfigurationPlatforms) = preSolution
		Debug|x64 = Debug|x64
		Debug|x86 = Debug|x86
		Release|x64 = Release|x64
		Release|x86 = Release|x86
	EndGlobalSection
	GlobalSection(ProjectConfigurationPlatforms) = postSolution
		{3F324355-F439-4547-B05A-9DD18FA33414}.Debug|x64.ActiveCfg = Debug|x64
		{3F324355-F439-4547-B05A-9DD18FA33414}.Debug|x64.Build.0 = Debug|x64
		{3F324355-F439-4547-B05A-9DD18FA33414}.Debug|x86.ActiveCfg = Debug|Win32
		{3F324355-F439-4547-B05A-9DD18FA33414}.Debug|x86.Build.0 = Debug|Win32
		{3F324355-F439-4547-B05A-9DD18FA33414}.Release|x64.ActiveCfg = Release|x64
		{3F324355-F439-4547-B05A-9DD18FA33414}.Release|x64.Build.0 = Release|x64
		{3F324355-F439-4547-B05A-9DD18FA33414}.Release|x86.ActiveCfg = Release|Win32
		{3F324355-F439-4547-B05A-9DD18FA33414}.Release|x86.Build.0 = Release|Win32
		{7FDF813C-8AB3-460C-9A1C-600C0EB8EC65}.Debug|x64.ActiveCfg = Debug|x64
		{7FDF813C-8AB3-460C-9A1C-600C0EB8EC65}.Debug|x64.Build.0 = Debug|x64
		{7FDF813C-8AB3-460C-9A1C-600C0EB8EC65}.Debug|x86.ActiveCfg = Debug|Win32
		{7FDF813C-8AB3-460C-9A1C-600C0EB8EC65}.Debug|x86.Build.0 = Debug|Win32
		{7FDF813C-8AB3-460C-9A1C-600C0EB8EC65}.Release|x64.ActiveCfg = Release|x64
		{7FDF813C-8AB3-460C-9A1C-600C0EB8EC65}.Release|x64.Build.0 = Release|x64
		{7FDF813C-8AB3-460C-9A1C-600C0EB8EC65}.Release|x86.ActiveCfg = Release|Win32
		{7FDF813C-8AB3-460C-9A1C-600C0EB8EC65}.Release|x86.Build.0 = Release|Win32
	EndGlobalSection
	GlobalSection(SolutionProperties) = preSolution
		HideSolutionNode = FALSE
	EndGlobalSection
	GlobalSection(ExtensibilityGlobals) = postSolution
		SolutionGuid = {C95E12CD-FA1C-47E3-9D6F-A9B554006BAA}
	EndGlobalSection
EndGlobal
