
Microsoft Visual Studio Solution File, Format Version 12.00
# Visual Studio Version 17
VisualStudioVersion = 17.4.33110.190
MinimumVisualStudioVersion = 10.0.40219.1
Project("{8BC9CEB8-8B4A-11D0-8D11-00A0C91BC942}") = "VoxelEngine", "VoxelEngine\VoxelEngine.vcxproj", "{F81BFC31-EDEA-4824-AEAD-2A739FA49C3E}"
EndProject
Global
	GlobalSection(SolutionConfigurationPlatforms) = preSolution
		Debug|x64 = Debug|x64
		Debug|x86 = Debug|x86
		Release|x64 = Release|x64
		Release|x86 = Release|x86
	EndGlobalSection
	GlobalSection(ProjectConfigurationPlatforms) = postSolution
		{F81BFC31-EDEA-4824-AEAD-2A739FA49C3E}.Debug|x64.ActiveCfg = Debug|x64
		{F81BFC31-EDEA-4824-AEAD-2A739FA49C3E}.Debug|x64.Build.0 = Debug|x64
		{F81BFC31-EDEA-4824-AEAD-2A739FA49C3E}.Debug|x86.ActiveCfg = Debug|Win32
		{F81BFC31-EDEA-4824-AEAD-2A739FA49C3E}.Debug|x86.Build.0 = Debug|Win32
		{F81BFC31-EDEA-4824-AEAD-2A739FA49C3E}.Release|x64.ActiveCfg = Release|x64
		{F81BFC31-EDEA-4824-AEAD-2A739FA49C3E}.Release|x64.Build.0 = Release|x64
		{F81BFC31-EDEA-4824-AEAD-2A739FA49C3E}.Release|x86.ActiveCfg = Release|Win32
		{F81BFC31-EDEA-4824-AEAD-2A739FA49C3E}.Release|x86.Build.0 = Release|Win32
	EndGlobalSection
	GlobalSection(SolutionProperties) = preSolution
		HideSolutionNode = FALSE
	EndGlobalSection
	GlobalSection(ExtensibilityGlobals) = postSolution
		SolutionGuid = {A6BC01EA-2F3F-4F01-803B-AFC872054CCD}
	EndGlobalSection
EndGlobal
